{
  "name": "pj1",
  "version": "1.0.0",
  "lockfileVersion": 3,
  "requires": true,
  "packages": {
    "": {
      "name": "pj1",
      "version": "1.0.0",
      "license": "ISC",
      "dependencies": {
        "@vant/weapp": "^1.11.1",
        "moment": "^2.29.4",
        "tdesign-miniprogram": "^1.2.3",
        "wx-qr": "^0.1.2"
      }
    },
    "node_modules/@vant/weapp": {
      "version": "1.11.1",
      "resolved": "https://registry.npmjs.org/@vant/weapp/-/weapp-1.11.1.tgz",
      "integrity": "sha512-2QddSq3MsozbTBAgEmW1rhzsEJNWPF2VS427M5pOOn0a7/f6lW+tymwdTcOQCzQONavhFwBv6Lebbs/UjE3Yig=="
    },
    "node_modules/dayjs": {
      "version": "1.11.10",
      "resolved": "https://registry.npmjs.org/dayjs/-/dayjs-1.11.10.tgz",
      "integrity": "sha512-vjAczensTgRcqDERK0SR2XMwsF/tSvnvlv6VcF2GIhg6Sx4yOIt/irsr1RDJsKiIyBzJDpCoXiWWq28MqH2cnQ=="
    },
    "node_modules/moment": {
      "version": "2.29.4",
      "resolved": "https://registry.npmjs.org/moment/-/moment-2.29.4.tgz",
      "integrity": "sha512-5LC9SOxjSc2HF6vO2CyuTDNivEdoz2IvyJJGj6X8DJ0eFyfszE0QiEd+iXmBvUP3WHxSjFH/vIsA0EN00cgr8w==",
      "engines": {
        "node": "*"
      }
    },
    "node_modules/tdesign-miniprogram": {
      "version": "1.2.3",
      "resolved": "https://registry.npmjs.org/tdesign-miniprogram/-/tdesign-miniprogram-1.2.3.tgz",
      "integrity": "sha512-hT10cp9lw1heQ5JL7vKWcQX+4fpZpF06kZB0bOf3wCggVGr9jbgGtjSw+gn//kO6CLJBNnKIHfkTs9AYDwo5WA==",
      "dependencies": {
        "dayjs": "^1.10.7"
      }
    },
    "node_modules/wx-qr": {
      "version": "0.1.2",
      "resolved": "https://registry.npmjs.org/wx-qr/-/wx-qr-0.1.2.tgz",
      "integrity": "sha512-U9c6qtQdHYIVnv3joK7FJK1yn3Ia6JTUUaUTTl2RjSxst3NxGr21ytJQ9UngTIIn87g19udFiUHVaQvxmJ4uIQ=="
    }
  }
}
